
Microsoft Visual Studio Solution File, Format Version 12.00
# Visual Studio 15
VisualStudioVersion = 15.0.28307.645
MinimumVisualStudioVersion = 10.0.40219.1
Project("{9A19103F-16F7-4668-BE54-9A1E7A4F7556}") = "ChesterDevs.Core.Aspnet", "ChesterDevs.Core.Aspnet\ChesterDevs.Core.Aspnet.csproj", "{A7E557A8-5B16-4E0C-A54A-CCC06CCF3294}"
EndProject
Project("{FAE04EC0-301F-11D3-BF4B-00C04F79EFBC}") = "Tests", "Tests\Tests.csproj", "{737D1EBF-84D5-4EA9-8D53-214D3E273206}"
EndProject
Global
	GlobalSection(SolutionConfigurationPlatforms) = preSolution
		Debug|Any CPU = Debug|Any CPU
		Release|Any CPU = Release|Any CPU
	EndGlobalSection
	GlobalSection(ProjectConfigurationPlatforms) = postSolution
		{A7E557A8-5B16-4E0C-A54A-CCC06CCF3294}.Debug|Any CPU.ActiveCfg = Debug|Any CPU
		{A7E557A8-5B16-4E0C-A54A-CCC06CCF3294}.Debug|Any CPU.Build.0 = Debug|Any CPU
		{A7E557A8-5B16-4E0C-A54A-CCC06CCF3294}.Release|Any CPU.ActiveCfg = Release|Any CPU
		{A7E557A8-5B16-4E0C-A54A-CCC06CCF3294}.Release|Any CPU.Build.0 = Release|Any CPU
		{737D1EBF-84D5-4EA9-8D53-214D3E273206}.Debug|Any CPU.ActiveCfg = Debug|Any CPU
		{737D1EBF-84D5-4EA9-8D53-214D3E273206}.Debug|Any CPU.Build.0 = Debug|Any CPU
		{737D1EBF-84D5-4EA9-8D53-214D3E273206}.Release|Any CPU.ActiveCfg = Release|Any CPU
		{737D1EBF-84D5-4EA9-8D53-214D3E273206}.Release|Any CPU.Build.0 = Release|Any CPU
	EndGlobalSection
	GlobalSection(SolutionProperties) = preSolution
		HideSolutionNode = FALSE
	EndGlobalSection
	GlobalSection(ExtensibilityGlobals) = postSolution
		SolutionGuid = {D73CE569-DA8E-4895-8C14-CE0C9616321E}
	EndGlobalSection
EndGlobal
